
Microsoft Visual Studio Solution File, Format Version 12.00
# Visual Studio 2012
Project("{FAE04EC0-301F-11D3-BF4B-00C04F79EFBC}") = "Credentials.Entities", "Credentials.Entities\Credentials.Entities.csproj", "{5E6519D0-6007-4643-BD58-E7198A57F5E2}"
EndProject
Project("{FAE04EC0-301F-11D3-BF4B-00C04F79EFBC}") = "Credentials.DataAccess", "Credentials.DataAccess\Credentials.DataAccess.csproj", "{9BA523EC-4541-4059-83D2-9AFD87DFB854}"
EndProject
Project("{FAE04EC0-301F-11D3-BF4B-00C04F79EFBC}") = "Credentials.DataAccess.Interfaces", "Credentials.DataAccess.Interfaces\Credentials.DataAccess.Interfaces.csproj", "{4581A6D9-6616-4D4D-B0F0-9BAD9A4C582B}"
EndProject
Project("{FAE04EC0-301F-11D3-BF4B-00C04F79EFBC}") = "Credentials.Web", "Credentials.Web\Credentials.Web.csproj", "{2DF9FA21-DD0E-4EEB-9F12-D7BF02FD8312}"
EndProject
Global
	GlobalSection(SolutionConfigurationPlatforms) = preSolution
		Debug|Any CPU = Debug|Any CPU
		Release|Any CPU = Release|Any CPU
	EndGlobalSection
	GlobalSection(ProjectConfigurationPlatforms) = postSolution
		{5E6519D0-6007-4643-BD58-E7198A57F5E2}.Debug|Any CPU.ActiveCfg = Debug|Any CPU
		{5E6519D0-6007-4643-BD58-E7198A57F5E2}.Debug|Any CPU.Build.0 = Debug|Any CPU
		{5E6519D0-6007-4643-BD58-E7198A57F5E2}.Release|Any CPU.ActiveCfg = Release|Any CPU
		{5E6519D0-6007-4643-BD58-E7198A57F5E2}.Release|Any CPU.Build.0 = Release|Any CPU
		{9BA523EC-4541-4059-83D2-9AFD87DFB854}.Debug|Any CPU.ActiveCfg = Debug|Any CPU
		{9BA523EC-4541-4059-83D2-9AFD87DFB854}.Debug|Any CPU.Build.0 = Debug|Any CPU
		{9BA523EC-4541-4059-83D2-9AFD87DFB854}.Release|Any CPU.ActiveCfg = Release|Any CPU
		{9BA523EC-4541-4059-83D2-9AFD87DFB854}.Release|Any CPU.Build.0 = Release|Any CPU
		{4581A6D9-6616-4D4D-B0F0-9BAD9A4C582B}.Debug|Any CPU.ActiveCfg = Debug|Any CPU
		{4581A6D9-6616-4D4D-B0F0-9BAD9A4C582B}.Debug|Any CPU.Build.0 = Debug|Any CPU
		{4581A6D9-6616-4D4D-B0F0-9BAD9A4C582B}.Release|Any CPU.ActiveCfg = Release|Any CPU
		{4581A6D9-6616-4D4D-B0F0-9BAD9A4C582B}.Release|Any CPU.Build.0 = Release|Any CPU
		{2DF9FA21-DD0E-4EEB-9F12-D7BF02FD8312}.Debug|Any CPU.ActiveCfg = Debug|Any CPU
		{2DF9FA21-DD0E-4EEB-9F12-D7BF02FD8312}.Debug|Any CPU.Build.0 = Debug|Any CPU
		{2DF9FA21-DD0E-4EEB-9F12-D7BF02FD8312}.Release|Any CPU.ActiveCfg = Release|Any CPU
		{2DF9FA21-DD0E-4EEB-9F12-D7BF02FD8312}.Release|Any CPU.Build.0 = Release|Any CPU
	EndGlobalSection
	GlobalSection(SolutionProperties) = preSolution
		HideSolutionNode = FALSE
	EndGlobalSection
EndGlobal
